
Microsoft Visual Studio Solution File, Format Version 12.00
Project("{FAE04EC0-301F-11D3-BF4B-00C04F79EFBC}") = "FluxConfig.Provider", "src\FluxConfig.Provider\FluxConfig.Provider.csproj", "{D1B22301-1646-4CEF-9705-B1C8E1875DE3}"
EndProject
Project("{FAE04EC0-301F-11D3-BF4B-00C04F79EFBC}") = "FluxConfig.Provider.ManualTests", "tests\FluxConfig.Provider.ManualTests\FluxConfig.Provider.ManualTests.csproj", "{B8952A84-638A-452F-9334-4711BE2EED79}"
EndProject
Global
	GlobalSection(SolutionConfigurationPlatforms) = preSolution
		Debug|Any CPU = Debug|Any CPU
		Release|Any CPU = Release|Any CPU
	EndGlobalSection
	GlobalSection(ProjectConfigurationPlatforms) = postSolution
		{D1B22301-1646-4CEF-9705-B1C8E1875DE3}.Debug|Any CPU.ActiveCfg = Debug|Any CPU
		{D1B22301-1646-4CEF-9705-B1C8E1875DE3}.Debug|Any CPU.Build.0 = Debug|Any CPU
		{D1B22301-1646-4CEF-9705-B1C8E1875DE3}.Release|Any CPU.ActiveCfg = Release|Any CPU
		{D1B22301-1646-4CEF-9705-B1C8E1875DE3}.Release|Any CPU.Build.0 = Release|Any CPU
		{B8952A84-638A-452F-9334-4711BE2EED79}.Debug|Any CPU.ActiveCfg = Debug|Any CPU
		{B8952A84-638A-452F-9334-4711BE2EED79}.Debug|Any CPU.Build.0 = Debug|Any CPU
		{B8952A84-638A-452F-9334-4711BE2EED79}.Release|Any CPU.ActiveCfg = Release|Any CPU
		{B8952A84-638A-452F-9334-4711BE2EED79}.Release|Any CPU.Build.0 = Release|Any CPU
	EndGlobalSection
EndGlobal
